// !$*UTF8*$!
{
	archiveVersion = 1;
	classes = {
	};
	objectVersion = 56;
	objects = {

/* Begin PBXBuildFile section */
		040F4D612E5F20BF00438E5A /* AppDelegate.swift in Sources */ = {isa = PBXBuildFile; fileRef = 040F4D602E5F20BF00438E5A /* AppDelegate.swift */; };
		040F4D632E5F20BF00438E5A /* SceneDelegate.swift in Sources */ = {isa = PBXBuildFile; fileRef = 040F4D622E5F20BF00438E5A /* SceneDelegate.swift */; };
		040F4D652E5F20BF00438E5A /* ImageGalleryViewController.swift in Sources */ = {isa = PBXBuildFile; fileRef = 040F4D642E5F20BF00438E5A /* ImageGalleryViewController.swift */; };
		040F4D682E5F20BF00438E5A /* Main.storyboard in Resources */ = {isa = PBXBuildFile; fileRef = 040F4D662E5F20BF00438E5A /* Main.storyboard */; };
		040F4D6A2E5F20C100438E5A /* Assets.xcassets in Resources */ = {isa = PBXBuildFile; fileRef = 040F4D692E5F20C100438E5A /* Assets.xcassets */; };
		040F4D6D2E5F20C100438E5A /* LaunchScreen.storyboard in Resources */ = {isa = PBXBuildFile; fileRef = 040F4D6B2E5F20C100438E5A /* LaunchScreen.storyboard */; };
		040F4D782E5F20C200438E5A /* GalleryAppTests.swift in Sources */ = {isa = PBXBuildFile; fileRef = 040F4D772E5F20C200438E5A /* GalleryAppTests.swift */; };
		040F4D822E5F20C200438E5A /* GalleryAppUITests.swift in Sources */ = {isa = PBXBuildFile; fileRef = 040F4D812E5F20C200438E5A /* GalleryAppUITests.swift */; };
		040F4D842E5F20C200438E5A /* GalleryAppUITestsLaunchTests.swift in Sources */ = {isa = PBXBuildFile; fileRef = 040F4D832E5F20C200438E5A /* GalleryAppUITestsLaunchTests.swift */; };
		045933222E6EA44300A522FC /* ImageExtension.swift in Sources */ = {isa = PBXBuildFile; fileRef = 045933212E6EA44300A522FC /* ImageExtension.swift */; };
		045A81E62E6EC96C00D3755D /* ImageDetailViewController.swift in Sources */ = {isa = PBXBuildFile; fileRef = 045A81E52E6EC96C00D3755D /* ImageDetailViewController.swift */; };
		045B297C2E6D7E7F00CFF189 /* Photo.swift in Sources */ = {isa = PBXBuildFile; fileRef = 045B297B2E6D7E7F00CFF189 /* Photo.swift */; };
		045B297E2E6D7F3100CFF189 /* Urls.swift in Sources */ = {isa = PBXBuildFile; fileRef = 045B297D2E6D7F3100CFF189 /* Urls.swift */; };
		045B29802E6D7F7C00CFF189 /* User.swift in Sources */ = {isa = PBXBuildFile; fileRef = 045B297F2E6D7F7C00CFF189 /* User.swift */; };
		045B29822E6D7FA600CFF189 /* Response.swift in Sources */ = {isa = PBXBuildFile; fileRef = 045B29812E6D7FA600CFF189 /* Response.swift */; };
		045B29842E6D899C00CFF189 /* ImagePresenter.swift in Sources */ = {isa = PBXBuildFile; fileRef = 045B29832E6D899C00CFF189 /* ImagePresenter.swift */; };
		045B29872E6DC2FE00CFF189 /* MyCollectionViewCell.swift in Sources */ = {isa = PBXBuildFile; fileRef = 045B29852E6DC2FE00CFF189 /* MyCollectionViewCell.swift */; };
		045B29882E6DC2FE00CFF189 /* MyCollectionViewCell.xib in Resources */ = {isa = PBXBuildFile; fileRef = 045B29862E6DC2FE00CFF189 /* MyCollectionViewCell.xib */; };
		045B298B2E6E0DB200CFF189 /* Networking.swift in Sources */ = {isa = PBXBuildFile; fileRef = 045B298A2E6E0DB200CFF189 /* Networking.swift */; };
		046B05372E6F0E70002710E2 /* SaveManager.swift in Sources */ = {isa = PBXBuildFile; fileRef = 046B05362E6F0E70002710E2 /* SaveManager.swift */; };
/* End PBXBuildFile section */

/* Begin PBXContainerItemProxy section */
		040F4D742E5F20C200438E5A /* PBXContainerItemProxy */ = {
			isa = PBXContainerItemProxy;
			containerPortal = 040F4D552E5F20BF00438E5A /* Project object */;
			proxyType = 1;
			remoteGlobalIDString = 040F4D5C2E5F20BF00438E5A;
			remoteInfo = GalleryApp;
		};
		040F4D7E2E5F20C200438E5A /* PBXContainerItemProxy */ = {
			isa = PBXContainerItemProxy;
			containerPortal = 040F4D552E5F20BF00438E5A /* Project object */;
			proxyType = 1;
			remoteGlobalIDString = 040F4D5C2E5F20BF00438E5A;
			remoteInfo = GalleryApp;
		};
/* End PBXContainerItemProxy section */

/* Begin PBXFileReference section */
		040F4D5D2E5F20BF00438E5A /* GalleryApp.app */ = {isa = PBXFileReference; explicitFileType = wrapper.application; includeInIndex = 0; path = GalleryApp.app; sourceTree = BUILT_PRODUCTS_DIR; };
		040F4D602E5F20BF00438E5A /* AppDelegate.swift */ = {isa = PBXFileReference; lastKnownFileType = sourcecode.swift; path = AppDelegate.swift; sourceTree = "<group>"; };
		040F4D622E5F20BF00438E5A /* SceneDelegate.swift */ = {isa = PBXFileReference; lastKnownFileType = sourcecode.swift; path = SceneDelegate.swift; sourceTree = "<group>"; };
		040F4D642E5F20BF00438E5A /* ImageGalleryViewController.swift */ = {isa = PBXFileReference; lastKnownFileType = sourcecode.swift; path = ImageGalleryViewController.swift; sourceTree = "<group>"; };
		040F4D672E5F20BF00438E5A /* Base */ = {isa = PBXFileReference; lastKnownFileType = file.storyboard; name = Base; path = Base.lproj/Main.storyboard; sourceTree = "<group>"; };
		040F4D692E5F20C100438E5A /* Assets.xcassets */ = {isa = PBXFileReference; lastKnownFileType = folder.assetcatalog; path = Assets.xcassets; sourceTree = "<group>"; };
		040F4D6C2E5F20C100438E5A /* Base */ = {isa = PBXFileReference; lastKnownFileType = file.storyboard; name = Base; path = Base.lproj/LaunchScreen.storyboard; sourceTree = "<group>"; };
		040F4D6E2E5F20C100438E5A /* Info.plist */ = {isa = PBXFileReference; lastKnownFileType = text.plist.xml; path = Info.plist; sourceTree = "<group>"; };
		040F4D732E5F20C200438E5A /* GalleryAppTests.xctest */ = {isa = PBXFileReference; explicitFileType = wrapper.cfbundle; includeInIndex = 0; path = GalleryAppTests.xctest; sourceTree = BUILT_PRODUCTS_DIR; };
		040F4D772E5F20C200438E5A /* GalleryAppTests.swift */ = {isa = PBXFileReference; lastKnownFileType = sourcecode.swift; path = GalleryAppTests.swift; sourceTree = "<group>"; };
		040F4D7D2E5F20C200438E5A /* GalleryAppUITests.xctest */ = {isa = PBXFileReference; explicitFileType = wrapper.cfbundle; includeInIndex = 0; path = GalleryAppUITests.xctest; sourceTree = BUILT_PRODUCTS_DIR; };
		040F4D812E5F20C200438E5A /* GalleryAppUITests.swift */ = {isa = PBXFileReference; lastKnownFileType = sourcecode.swift; path = GalleryAppUITests.swift; sourceTree = "<group>"; };
		040F4D832E5F20C200438E5A /* GalleryAppUITestsLaunchTests.swift */ = {isa = PBXFileReference; lastKnownFileType = sourcecode.swift; path = GalleryAppUITestsLaunchTests.swift; sourceTree = "<group>"; };
		045933212E6EA44300A522FC /* ImageExtension.swift */ = {isa = PBXFileReference; lastKnownFileType = sourcecode.swift; path = ImageExtension.swift; sourceTree = "<group>"; };
		045A81E52E6EC96C00D3755D /* ImageDetailViewController.swift */ = {isa = PBXFileReference; lastKnownFileType = sourcecode.swift; path = ImageDetailViewController.swift; sourceTree = "<group>"; };
		045B297B2E6D7E7F00CFF189 /* Photo.swift */ = {isa = PBXFileReference; lastKnownFileType = sourcecode.swift; path = Photo.swift; sourceTree = "<group>"; };
		045B297D2E6D7F3100CFF189 /* Urls.swift */ = {isa = PBXFileReference; lastKnownFileType = sourcecode.swift; path = Urls.swift; sourceTree = "<group>"; };
		045B297F2E6D7F7C00CFF189 /* User.swift */ = {isa = PBXFileReference; lastKnownFileType = sourcecode.swift; path = User.swift; sourceTree = "<group>"; };
		045B29812E6D7FA600CFF189 /* Response.swift */ = {isa = PBXFileReference; lastKnownFileType = sourcecode.swift; path = Response.swift; sourceTree = "<group>"; };
		045B29832E6D899C00CFF189 /* ImagePresenter.swift */ = {isa = PBXFileReference; lastKnownFileType = sourcecode.swift; path = ImagePresenter.swift; sourceTree = "<group>"; };
		045B29852E6DC2FE00CFF189 /* MyCollectionViewCell.swift */ = {isa = PBXFileReference; lastKnownFileType = sourcecode.swift; path = MyCollectionViewCell.swift; sourceTree = "<group>"; };
		045B29862E6DC2FE00CFF189 /* MyCollectionViewCell.xib */ = {isa = PBXFileReference; lastKnownFileType = file.xib; path = MyCollectionViewCell.xib; sourceTree = "<group>"; };
		045B298A2E6E0DB200CFF189 /* Networking.swift */ = {isa = PBXFileReference; lastKnownFileType = sourcecode.swift; path = Networking.swift; sourceTree = "<group>"; };
		046B05362E6F0E70002710E2 /* SaveManager.swift */ = {isa = PBXFileReference; lastKnownFileType = sourcecode.swift; path = SaveManager.swift; sourceTree = "<group>"; };
/* End PBXFileReference section */

/* Begin PBXFrameworksBuildPhase section */
		040F4D5A2E5F20BF00438E5A /* Frameworks */ = {
			isa = PBXFrameworksBuildPhase;
			buildActionMask = 2147483647;
			files = (
			);
			runOnlyForDeploymentPostprocessing = 0;
		};
		040F4D702E5F20C200438E5A /* Frameworks */ = {
			isa = PBXFrameworksBuildPhase;
			buildActionMask = 2147483647;
			files = (
			);
			runOnlyForDeploymentPostprocessing = 0;
		};
		040F4D7A2E5F20C200438E5A /* Frameworks */ = {
			isa = PBXFrameworksBuildPhase;
			buildActionMask = 2147483647;
			files = (
			);
			runOnlyForDeploymentPostprocessing = 0;
		};
/* End PBXFrameworksBuildPhase section */

/* Begin PBXGroup section */
		040F4D542E5F20BF00438E5A = {
			isa = PBXGroup;
			children = (
				040F4D5F2E5F20BF00438E5A /* GalleryApp */,
				040F4D762E5F20C200438E5A /* GalleryAppTests */,
				040F4D802E5F20C200438E5A /* GalleryAppUITests */,
				040F4D5E2E5F20BF00438E5A /* Products */,
			);
			sourceTree = "<group>";
		};
		040F4D5E2E5F20BF00438E5A /* Products */ = {
			isa = PBXGroup;
			children = (
				040F4D5D2E5F20BF00438E5A /* GalleryApp.app */,
				040F4D732E5F20C200438E5A /* GalleryAppTests.xctest */,
				040F4D7D2E5F20C200438E5A /* GalleryAppUITests.xctest */,
			);
			name = Products;
			sourceTree = "<group>";
		};
		040F4D5F2E5F20BF00438E5A /* GalleryApp */ = {
			isa = PBXGroup;
			children = (
				045B29892E6E0D9600CFF189 /* Resources */,
				045B297A2E6D7E1000CFF189 /* Model */,
				045B29782E6D7DCC00CFF189 /* Views */,
				045B29792E6D7DEF00CFF189 /* Presenter */,
				040F4D602E5F20BF00438E5A /* AppDelegate.swift */,
				040F4D622E5F20BF00438E5A /* SceneDelegate.swift */,
				040F4D692E5F20C100438E5A /* Assets.xcassets */,
				040F4D6B2E5F20C100438E5A /* LaunchScreen.storyboard */,
				040F4D6E2E5F20C100438E5A /* Info.plist */,
			);
			path = GalleryApp;
			sourceTree = "<group>";
		};
		040F4D762E5F20C200438E5A /* GalleryAppTests */ = {
			isa = PBXGroup;
			children = (
				040F4D772E5F20C200438E5A /* GalleryAppTests.swift */,
			);
			path = GalleryAppTests;
			sourceTree = "<group>";
		};
		040F4D802E5F20C200438E5A /* GalleryAppUITests */ = {
			isa = PBXGroup;
			children = (
				040F4D812E5F20C200438E5A /* GalleryAppUITests.swift */,
				040F4D832E5F20C200438E5A /* GalleryAppUITestsLaunchTests.swift */,
			);
			path = GalleryAppUITests;
			sourceTree = "<group>";
		};
		045B29782E6D7DCC00CFF189 /* Views */ = {
			isa = PBXGroup;
			children = (
				040F4D662E5F20BF00438E5A /* Main.storyboard */,
				040F4D642E5F20BF00438E5A /* ImageGalleryViewController.swift */,
				045B29852E6DC2FE00CFF189 /* MyCollectionViewCell.swift */,
				045B29862E6DC2FE00CFF189 /* MyCollectionViewCell.xib */,
				045A81E52E6EC96C00D3755D /* ImageDetailViewController.swift */,
			);
			path = Views;
			sourceTree = "<group>";
		};
		045B29792E6D7DEF00CFF189 /* Presenter */ = {
			isa = PBXGroup;
			children = (
				045B29832E6D899C00CFF189 /* ImagePresenter.swift */,
			);
			path = Presenter;
			sourceTree = "<group>";
		};
		045B297A2E6D7E1000CFF189 /* Model */ = {
			isa = PBXGroup;
			children = (
				045B297B2E6D7E7F00CFF189 /* Photo.swift */,
				045B297D2E6D7F3100CFF189 /* Urls.swift */,
				045B297F2E6D7F7C00CFF189 /* User.swift */,
				045B29812E6D7FA600CFF189 /* Response.swift */,
			);
			path = Model;
			sourceTree = "<group>";
		};
		045B29892E6E0D9600CFF189 /* Resources */ = {
			isa = PBXGroup;
			children = (
				045B298A2E6E0DB200CFF189 /* Networking.swift */,
				045933212E6EA44300A522FC /* ImageExtension.swift */,
				046B05362E6F0E70002710E2 /* SaveManager.swift */,
			);
			path = Resources;
			sourceTree = "<group>";
		};
/* End PBXGroup section */

/* Begin PBXNativeTarget section */
		040F4D5C2E5F20BF00438E5A /* GalleryApp */ = {
			isa = PBXNativeTarget;
			buildConfigurationList = 040F4D872E5F20C200438E5A /* Build configuration list for PBXNativeTarget "GalleryApp" */;
			buildPhases = (
				040F4D592E5F20BF00438E5A /* Sources */,
				040F4D5A2E5F20BF00438E5A /* Frameworks */,
				040F4D5B2E5F20BF00438E5A /* Resources */,
				040F4D902E5F232100438E5A /* Run Script */,
			);
			buildRules = (
			);
			dependencies = (
			);
			name = GalleryApp;
			productName = GalleryApp;
			productReference = 040F4D5D2E5F20BF00438E5A /* GalleryApp.app */;
			productType = "com.apple.product-type.application";
		};
		040F4D722E5F20C200438E5A /* GalleryAppTests */ = {
			isa = PBXNativeTarget;
			buildConfigurationList = 040F4D8A2E5F20C200438E5A /* Build configuration list for PBXNativeTarget "GalleryAppTests" */;
			buildPhases = (
				040F4D6F2E5F20C200438E5A /* Sources */,
				040F4D702E5F20C200438E5A /* Frameworks */,
				040F4D712E5F20C200438E5A /* Resources */,
			);
			buildRules = (
			);
			dependencies = (
				040F4D752E5F20C200438E5A /* PBXTargetDependency */,
			);
			name = GalleryAppTests;
			productName = GalleryAppTests;
			productReference = 040F4D732E5F20C200438E5A /* GalleryAppTests.xctest */;
			productType = "com.apple.product-type.bundle.unit-test";
		};
		040F4D7C2E5F20C200438E5A /* GalleryAppUITests */ = {
			isa = PBXNativeTarget;
			buildConfigurationList = 040F4D8D2E5F20C200438E5A /* Build configuration list for PBXNativeTarget "GalleryAppUITests" */;
			buildPhases = (
				040F4D792E5F20C200438E5A /* Sources */,
				040F4D7A2E5F20C200438E5A /* Frameworks */,
				040F4D7B2E5F20C200438E5A /* Resources */,
			);
			buildRules = (
			);
			dependencies = (
				040F4D7F2E5F20C200438E5A /* PBXTargetDependency */,
			);
			name = GalleryAppUITests;
			productName = GalleryAppUITests;
			productReference = 040F4D7D2E5F20C200438E5A /* GalleryAppUITests.xctest */;
			productType = "com.apple.product-type.bundle.ui-testing";
		};
/* End PBXNativeTarget section */

/* Begin PBXProject section */
		040F4D552E5F20BF00438E5A /* Project object */ = {
			isa = PBXProject;
			attributes = {
				BuildIndependentTargetsInParallel = 1;
				LastSwiftUpdateCheck = 1420;
				LastUpgradeCheck = 1420;
				TargetAttributes = {
					040F4D5C2E5F20BF00438E5A = {
						CreatedOnToolsVersion = 14.2;
					};
					040F4D722E5F20C200438E5A = {
						CreatedOnToolsVersion = 14.2;
						TestTargetID = 040F4D5C2E5F20BF00438E5A;
					};
					040F4D7C2E5F20C200438E5A = {
						CreatedOnToolsVersion = 14.2;
						TestTargetID = 040F4D5C2E5F20BF00438E5A;
					};
				};
			};
			buildConfigurationList = 040F4D582E5F20BF00438E5A /* Build configuration list for PBXProject "GalleryApp" */;
			compatibilityVersion = "Xcode 14.0";
			developmentRegion = en;
			hasScannedForEncodings = 0;
			knownRegions = (
				en,
				Base,
			);
			mainGroup = 040F4D542E5F20BF00438E5A;
			productRefGroup = 040F4D5E2E5F20BF00438E5A /* Products */;
			projectDirPath = "";
			projectRoot = "";
			targets = (
				040F4D5C2E5F20BF00438E5A /* GalleryApp */,
				040F4D722E5F20C200438E5A /* GalleryAppTests */,
				040F4D7C2E5F20C200438E5A /* GalleryAppUITests */,
			);
		};
/* End PBXProject section */

/* Begin PBXResourcesBuildPhase section */
		040F4D5B2E5F20BF00438E5A /* Resources */ = {
			isa = PBXResourcesBuildPhase;
			buildActionMask = 2147483647;
			files = (
				040F4D6D2E5F20C100438E5A /* LaunchScreen.storyboard in Resources */,
				040F4D6A2E5F20C100438E5A /* Assets.xcassets in Resources */,
				045B29882E6DC2FE00CFF189 /* MyCollectionViewCell.xib in Resources */,
				040F4D682E5F20BF00438E5A /* Main.storyboard in Resources */,
			);
			runOnlyForDeploymentPostprocessing = 0;
		};
		040F4D712E5F20C200438E5A /* Resources */ = {
			isa = PBXResourcesBuildPhase;
			buildActionMask = 2147483647;
			files = (
			);
			runOnlyForDeploymentPostprocessing = 0;
		};
		040F4D7B2E5F20C200438E5A /* Resources */ = {
			isa = PBXResourcesBuildPhase;
			buildActionMask = 2147483647;
			files = (
			);
			runOnlyForDeploymentPostprocessing = 0;
		};
/* End PBXResourcesBuildPhase section */

/* Begin PBXShellScriptBuildPhase section */
		040F4D902E5F232100438E5A /* Run Script */ = {
			isa = PBXShellScriptBuildPhase;
			buildActionMask = 2147483647;
			files = (
			);
			inputFileListPaths = (
				"$(SRCROOT)/Networking.xcfilelist",
			);
			inputPaths = (
			);
			name = "Run Script";
			outputFileListPaths = (
			);
			outputPaths = (
			);
			runOnlyForDeploymentPostprocessing = 0;
			shellPath = /bin/sh;
			shellScript = "export PATH=\"$PATH:/usr/local/bin\"\n\nif which swiftlint >/dev/null; then\n    echo \"Linting Swift files in project...\"\n\n    # Находим все .swift файлы\n    SWIFT_FILES=$(find \"$SRCROOT/GalleryApp\" -name \"*.swift\")\n\n    if [ -n \"$SWIFT_FILES\" ]; then\n        echo \"$SWIFT_FILES\" | xargs swiftlint lint\n    else\n        echo \"No Swift files to lint.\"\n    fi\nelse\n    echo \"error: SwiftLint does not exist\"\n    exit 1\nfi\n\n\n\n\n";
		};
/* End PBXShellScriptBuildPhase section */

/* Begin PBXSourcesBuildPhase section */
		040F4D592E5F20BF00438E5A /* Sources */ = {
			isa = PBXSourcesBuildPhase;
			buildActionMask = 2147483647;
			files = (
				045B297C2E6D7E7F00CFF189 /* Photo.swift in Sources */,
				045B298B2E6E0DB200CFF189 /* Networking.swift in Sources */,
				040F4D652E5F20BF00438E5A /* ImageGalleryViewController.swift in Sources */,
				045B29872E6DC2FE00CFF189 /* MyCollectionViewCell.swift in Sources */,
				046B05372E6F0E70002710E2 /* SaveManager.swift in Sources */,
				045B29842E6D899C00CFF189 /* ImagePresenter.swift in Sources */,
				045B29802E6D7F7C00CFF189 /* User.swift in Sources */,
				045933222E6EA44300A522FC /* ImageExtension.swift in Sources */,
				045A81E62E6EC96C00D3755D /* ImageDetailViewController.swift in Sources */,
				040F4D612E5F20BF00438E5A /* AppDelegate.swift in Sources */,
				040F4D632E5F20BF00438E5A /* SceneDelegate.swift in Sources */,
				045B297E2E6D7F3100CFF189 /* Urls.swift in Sources */,
				045B29822E6D7FA600CFF189 /* Response.swift in Sources */,
			);
			runOnlyForDeploymentPostprocessing = 0;
		};
		040F4D6F2E5F20C200438E5A /* Sources */ = {
			isa = PBXSourcesBuildPhase;
			buildActionMask = 2147483647;
			files = (
				040F4D782E5F20C200438E5A /* GalleryAppTests.swift in Sources */,
			);
			runOnlyForDeploymentPostprocessing = 0;
		};
		040F4D792E5F20C200438E5A /* Sources */ = {
			isa = PBXSourcesBuildPhase;
			buildActionMask = 2147483647;
			files = (
				040F4D822E5F20C200438E5A /* GalleryAppUITests.swift in Sources */,
				040F4D842E5F20C200438E5A /* GalleryAppUITestsLaunchTests.swift in Sources */,
			);
			runOnlyForDeploymentPostprocessing = 0;
		};
/* End PBXSourcesBuildPhase section */

/* Begin PBXTargetDependency section */
		040F4D752E5F20C200438E5A /* PBXTargetDependency */ = {
			isa = PBXTargetDependency;
			target = 040F4D5C2E5F20BF00438E5A /* GalleryApp */;
			targetProxy = 040F4D742E5F20C200438E5A /* PBXContainerItemProxy */;
		};
		040F4D7F2E5F20C200438E5A /* PBXTargetDependency */ = {
			isa = PBXTargetDependency;
			target = 040F4D5C2E5F20BF00438E5A /* GalleryApp */;
			targetProxy = 040F4D7E2E5F20C200438E5A /* PBXContainerItemProxy */;
		};
/* End PBXTargetDependency section */

/* Begin PBXVariantGroup section */
		040F4D662E5F20BF00438E5A /* Main.storyboard */ = {
			isa = PBXVariantGroup;
			children = (
				040F4D672E5F20BF00438E5A /* Base */,
			);
			name = Main.storyboard;
			sourceTree = "<group>";
		};
		040F4D6B2E5F20C100438E5A /* LaunchScreen.storyboard */ = {
			isa = PBXVariantGroup;
			children = (
				040F4D6C2E5F20C100438E5A /* Base */,
			);
			name = LaunchScreen.storyboard;
			sourceTree = "<group>";
		};
/* End PBXVariantGroup section */

/* Begin XCBuildConfiguration section */
		040F4D852E5F20C200438E5A /* Debug */ = {
			isa = XCBuildConfiguration;
			buildSettings = {
				ALWAYS_SEARCH_USER_PATHS = NO;
				CLANG_ANALYZER_NONNULL = YES;
				CLANG_ANALYZER_NUMBER_OBJECT_CONVERSION = YES_AGGRESSIVE;
				CLANG_CXX_LANGUAGE_STANDARD = "gnu++20";
				CLANG_ENABLE_MODULES = YES;
				CLANG_ENABLE_OBJC_ARC = YES;
				CLANG_ENABLE_OBJC_WEAK = YES;
				CLANG_WARN_BLOCK_CAPTURE_AUTORELEASING = YES;
				CLANG_WARN_BOOL_CONVERSION = YES;
				CLANG_WARN_COMMA = YES;
				CLANG_WARN_CONSTANT_CONVERSION = YES;
				CLANG_WARN_DEPRECATED_OBJC_IMPLEMENTATIONS = YES;
				CLANG_WARN_DIRECT_OBJC_ISA_USAGE = YES_ERROR;
				CLANG_WARN_DOCUMENTATION_COMMENTS = YES;
				CLANG_WARN_EMPTY_BODY = YES;
				CLANG_WARN_ENUM_CONVERSION = YES;
				CLANG_WARN_INFINITE_RECURSION = YES;
				CLANG_WARN_INT_CONVERSION = YES;
				CLANG_WARN_NON_LITERAL_NULL_CONVERSION = YES;
				CLANG_WARN_OBJC_IMPLICIT_RETAIN_SELF = YES;
				CLANG_WARN_OBJC_LITERAL_CONVERSION = YES;
				CLANG_WARN_OBJC_ROOT_CLASS = YES_ERROR;
				CLANG_WARN_QUOTED_INCLUDE_IN_FRAMEWORK_HEADER = YES;
				CLANG_WARN_RANGE_LOOP_ANALYSIS = YES;
				CLANG_WARN_STRICT_PROTOTYPES = YES;
				CLANG_WARN_SUSPICIOUS_MOVE = YES;
				CLANG_WARN_UNGUARDED_AVAILABILITY = YES_AGGRESSIVE;
				CLANG_WARN_UNREACHABLE_CODE = YES;
				CLANG_WARN__DUPLICATE_METHOD_MATCH = YES;
				COPY_PHASE_STRIP = NO;
				DEBUG_INFORMATION_FORMAT = dwarf;
				ENABLE_STRICT_OBJC_MSGSEND = YES;
				ENABLE_TESTABILITY = YES;
				GCC_C_LANGUAGE_STANDARD = gnu11;
				GCC_DYNAMIC_NO_PIC = NO;
				GCC_NO_COMMON_BLOCKS = YES;
				GCC_OPTIMIZATION_LEVEL = 0;
				GCC_PREPROCESSOR_DEFINITIONS = (
					"DEBUG=1",
					"$(inherited)",
				);
				GCC_WARN_64_TO_32_BIT_CONVERSION = YES;
				GCC_WARN_ABOUT_RETURN_TYPE = YES_ERROR;
				GCC_WARN_UNDECLARED_SELECTOR = YES;
				GCC_WARN_UNINITIALIZED_AUTOS = YES_AGGRESSIVE;
				GCC_WARN_UNUSED_FUNCTION = YES;
				GCC_WARN_UNUSED_VARIABLE = YES;
				IPHONEOS_DEPLOYMENT_TARGET = 16.2;
				MTL_ENABLE_DEBUG_INFO = INCLUDE_SOURCE;
				MTL_FAST_MATH = YES;
				ONLY_ACTIVE_ARCH = YES;
				SDKROOT = iphoneos;
				SWIFT_ACTIVE_COMPILATION_CONDITIONS = DEBUG;
				SWIFT_OPTIMIZATION_LEVEL = "-Onone";
			};
			name = Debug;
		};
		040F4D862E5F20C200438E5A /* Release */ = {
			isa = XCBuildConfiguration;
			buildSettings = {
				ALWAYS_SEARCH_USER_PATHS = NO;
				CLANG_ANALYZER_NONNULL = YES;
				CLANG_ANALYZER_NUMBER_OBJECT_CONVERSION = YES_AGGRESSIVE;
				CLANG_CXX_LANGUAGE_STANDARD = "gnu++20";
				CLANG_ENABLE_MODULES = YES;
				CLANG_ENABLE_OBJC_ARC = YES;
				CLANG_ENABLE_OBJC_WEAK = YES;
				CLANG_WARN_BLOCK_CAPTURE_AUTORELEASING = YES;
				CLANG_WARN_BOOL_CONVERSION = YES;
				CLANG_WARN_COMMA = YES;
				CLANG_WARN_CONSTANT_CONVERSION = YES;
				CLANG_WARN_DEPRECATED_OBJC_IMPLEMENTATIONS = YES;
				CLANG_WARN_DIRECT_OBJC_ISA_USAGE = YES_ERROR;
				CLANG_WARN_DOCUMENTATION_COMMENTS = YES;
				CLANG_WARN_EMPTY_BODY = YES;
				CLANG_WARN_ENUM_CONVERSION = YES;
				CLANG_WARN_INFINITE_RECURSION = YES;
				CLANG_WARN_INT_CONVERSION = YES;
				CLANG_WARN_NON_LITERAL_NULL_CONVERSION = YES;
				CLANG_WARN_OBJC_IMPLICIT_RETAIN_SELF = YES;
				CLANG_WARN_OBJC_LITERAL_CONVERSION = YES;
				CLANG_WARN_OBJC_ROOT_CLASS = YES_ERROR;
				CLANG_WARN_QUOTED_INCLUDE_IN_FRAMEWORK_HEADER = YES;
				CLANG_WARN_RANGE_LOOP_ANALYSIS = YES;
				CLANG_WARN_STRICT_PROTOTYPES = YES;
				CLANG_WARN_SUSPICIOUS_MOVE = YES;
				CLANG_WARN_UNGUARDED_AVAILABILITY = YES_AGGRESSIVE;
				CLANG_WARN_UNREACHABLE_CODE = YES;
				CLANG_WARN__DUPLICATE_METHOD_MATCH = YES;
				COPY_PHASE_STRIP = NO;
				DEBUG_INFORMATION_FORMAT = "dwarf-with-dsym";
				ENABLE_NS_ASSERTIONS = NO;
				ENABLE_STRICT_OBJC_MSGSEND = YES;
				GCC_C_LANGUAGE_STANDARD = gnu11;
				GCC_NO_COMMON_BLOCKS = YES;
				GCC_WARN_64_TO_32_BIT_CONVERSION = YES;
				GCC_WARN_ABOUT_RETURN_TYPE = YES_ERROR;
				GCC_WARN_UNDECLARED_SELECTOR = YES;
				GCC_WARN_UNINITIALIZED_AUTOS = YES_AGGRESSIVE;
				GCC_WARN_UNUSED_FUNCTION = YES;
				GCC_WARN_UNUSED_VARIABLE = YES;
				IPHONEOS_DEPLOYMENT_TARGET = 16.2;
				MTL_ENABLE_DEBUG_INFO = NO;
				MTL_FAST_MATH = YES;
				SDKROOT = iphoneos;
				SWIFT_COMPILATION_MODE = wholemodule;
				SWIFT_OPTIMIZATION_LEVEL = "-O";
				VALIDATE_PRODUCT = YES;
			};
			name = Release;
		};
		040F4D882E5F20C200438E5A /* Debug */ = {
			isa = XCBuildConfiguration;
			buildSettings = {
				ASSETCATALOG_COMPILER_APPICON_NAME = AppIcon;
				ASSETCATALOG_COMPILER_GLOBAL_ACCENT_COLOR_NAME = AccentColor;
				CODE_SIGN_STYLE = Automatic;
				CURRENT_PROJECT_VERSION = 1;
				DEVELOPMENT_TEAM = CXPB2X94JT;
				GENERATE_INFOPLIST_FILE = YES;
				INFOPLIST_FILE = GalleryApp/Info.plist;
				INFOPLIST_KEY_UIApplicationSupportsIndirectInputEvents = YES;
				INFOPLIST_KEY_UILaunchStoryboardName = LaunchScreen;
				INFOPLIST_KEY_UIMainStoryboardFile = Main;
				INFOPLIST_KEY_UISupportedInterfaceOrientations_iPad = "UIInterfaceOrientationPortrait UIInterfaceOrientationPortraitUpsideDown UIInterfaceOrientationLandscapeLeft UIInterfaceOrientationLandscapeRight";
				INFOPLIST_KEY_UISupportedInterfaceOrientations_iPhone = "UIInterfaceOrientationPortrait UIInterfaceOrientationLandscapeLeft UIInterfaceOrientationLandscapeRight";
				LD_RUNPATH_SEARCH_PATHS = (
					"$(inherited)",
					"@executable_path/Frameworks",
				);
				MARKETING_VERSION = 1.0;
				PRODUCT_BUNDLE_IDENTIFIER = "d-gavrilova.GalleryApp";
				PRODUCT_NAME = "$(TARGET_NAME)";
				SWIFT_EMIT_LOC_STRINGS = YES;
				SWIFT_VERSION = 5.0;
				TARGETED_DEVICE_FAMILY = "1,2";
			};
			name = Debug;
		};
		040F4D892E5F20C200438E5A /* Release */ = {
			isa = XCBuildConfiguration;
			buildSettings = {
				ASSETCATALOG_COMPILER_APPICON_NAME = AppIcon;
				ASSETCATALOG_COMPILER_GLOBAL_ACCENT_COLOR_NAME = AccentColor;
				CODE_SIGN_STYLE = Automatic;
				CURRENT_PROJECT_VERSION = 1;
				DEVELOPMENT_TEAM = CXPB2X94JT;
				GENERATE_INFOPLIST_FILE = YES;
				INFOPLIST_FILE = GalleryApp/Info.plist;
				INFOPLIST_KEY_UIApplicationSupportsIndirectInputEvents = YES;
				INFOPLIST_KEY_UILaunchStoryboardName = LaunchScreen;
				INFOPLIST_KEY_UIMainStoryboardFile = Main;
				INFOPLIST_KEY_UISupportedInterfaceOrientations_iPad = "UIInterfaceOrientationPortrait UIInterfaceOrientationPortraitUpsideDown UIInterfaceOrientationLandscapeLeft UIInterfaceOrientationLandscapeRight";
				INFOPLIST_KEY_UISupportedInterfaceOrientations_iPhone = "UIInterfaceOrientationPortrait UIInterfaceOrientationLandscapeLeft UIInterfaceOrientationLandscapeRight";
				LD_RUNPATH_SEARCH_PATHS = (
					"$(inherited)",
					"@executable_path/Frameworks",
				);
				MARKETING_VERSION = 1.0;
				PRODUCT_BUNDLE_IDENTIFIER = "d-gavrilova.GalleryApp";
				PRODUCT_NAME = "$(TARGET_NAME)";
				SWIFT_EMIT_LOC_STRINGS = YES;
				SWIFT_VERSION = 5.0;
				TARGETED_DEVICE_FAMILY = "1,2";
			};
			name = Release;
		};
		040F4D8B2E5F20C200438E5A /* Debug */ = {
			isa = XCBuildConfiguration;
			buildSettings = {
				ALWAYS_EMBED_SWIFT_STANDARD_LIBRARIES = YES;
				BUNDLE_LOADER = "$(TEST_HOST)";
				CODE_SIGN_STYLE = Automatic;
				CURRENT_PROJECT_VERSION = 1;
				DEVELOPMENT_TEAM = CXPB2X94JT;
				GENERATE_INFOPLIST_FILE = YES;
				IPHONEOS_DEPLOYMENT_TARGET = 16.2;
				MARKETING_VERSION = 1.0;
				PRODUCT_BUNDLE_IDENTIFIER = "d-gavrilova.GalleryAppTests";
				PRODUCT_NAME = "$(TARGET_NAME)";
				SWIFT_EMIT_LOC_STRINGS = NO;
				SWIFT_VERSION = 5.0;
				TARGETED_DEVICE_FAMILY = "1,2";
				TEST_HOST = "$(BUILT_PRODUCTS_DIR)/GalleryApp.app/$(BUNDLE_EXECUTABLE_FOLDER_PATH)/GalleryApp";
			};
			name = Debug;
		};
		040F4D8C2E5F20C200438E5A /* Release */ = {
			isa = XCBuildConfiguration;
			buildSettings = {
				ALWAYS_EMBED_SWIFT_STANDARD_LIBRARIES = YES;
				BUNDLE_LOADER = "$(TEST_HOST)";
				CODE_SIGN_STYLE = Automatic;
				CURRENT_PROJECT_VERSION = 1;
				DEVELOPMENT_TEAM = CXPB2X94JT;
				GENERATE_INFOPLIST_FILE = YES;
				IPHONEOS_DEPLOYMENT_TARGET = 16.2;
				MARKETING_VERSION = 1.0;
				PRODUCT_BUNDLE_IDENTIFIER = "d-gavrilova.GalleryAppTests";
				PRODUCT_NAME = "$(TARGET_NAME)";
				SWIFT_EMIT_LOC_STRINGS = NO;
				SWIFT_VERSION = 5.0;
				TARGETED_DEVICE_FAMILY = "1,2";
				TEST_HOST = "$(BUILT_PRODUCTS_DIR)/GalleryApp.app/$(BUNDLE_EXECUTABLE_FOLDER_PATH)/GalleryApp";
			};
			name = Release;
		};
		040F4D8E2E5F20C200438E5A /* Debug */ = {
			isa = XCBuildConfiguration;
			buildSettings = {
				ALWAYS_EMBED_SWIFT_STANDARD_LIBRARIES = YES;
				CODE_SIGN_STYLE = Automatic;
				CURRENT_PROJECT_VERSION = 1;
				DEVELOPMENT_TEAM = CXPB2X94JT;
				GENERATE_INFOPLIST_FILE = YES;
				MARKETING_VERSION = 1.0;
				PRODUCT_BUNDLE_IDENTIFIER = "d-gavrilova.GalleryAppUITests";
				PRODUCT_NAME = "$(TARGET_NAME)";
				SWIFT_EMIT_LOC_STRINGS = NO;
				SWIFT_VERSION = 5.0;
				TARGETED_DEVICE_FAMILY = "1,2";
				TEST_TARGET_NAME = GalleryApp;
			};
			name = Debug;
		};
		040F4D8F2E5F20C200438E5A /* Release */ = {
			isa = XCBuildConfiguration;
			buildSettings = {
				ALWAYS_EMBED_SWIFT_STANDARD_LIBRARIES = YES;
				CODE_SIGN_STYLE = Automatic;
				CURRENT_PROJECT_VERSION = 1;
				DEVELOPMENT_TEAM = CXPB2X94JT;
				GENERATE_INFOPLIST_FILE = YES;
				MARKETING_VERSION = 1.0;
				PRODUCT_BUNDLE_IDENTIFIER = "d-gavrilova.GalleryAppUITests";
				PRODUCT_NAME = "$(TARGET_NAME)";
				SWIFT_EMIT_LOC_STRINGS = NO;
				SWIFT_VERSION = 5.0;
				TARGETED_DEVICE_FAMILY = "1,2";
				TEST_TARGET_NAME = GalleryApp;
			};
			name = Release;
		};
/* End XCBuildConfiguration section */

/* Begin XCConfigurationList section */
		040F4D582E5F20BF00438E5A /* Build configuration list for PBXProject "GalleryApp" */ = {
			isa = XCConfigurationList;
			buildConfigurations = (
				040F4D852E5F20C200438E5A /* Debug */,
				040F4D862E5F20C200438E5A /* Release */,
			);
			defaultConfigurationIsVisible = 0;
			defaultConfigurationName = Release;
		};
		040F4D872E5F20C200438E5A /* Build configuration list for PBXNativeTarget "GalleryApp" */ = {
			isa = XCConfigurationList;
			buildConfigurations = (
				040F4D882E5F20C200438E5A /* Debug */,
				040F4D892E5F20C200438E5A /* Release */,
			);
			defaultConfigurationIsVisible = 0;
			defaultConfigurationName = Release;
		};
		040F4D8A2E5F20C200438E5A /* Build configuration list for PBXNativeTarget "GalleryAppTests" */ = {
			isa = XCConfigurationList;
			buildConfigurations = (
				040F4D8B2E5F20C200438E5A /* Debug */,
				040F4D8C2E5F20C200438E5A /* Release */,
			);
			defaultConfigurationIsVisible = 0;
			defaultConfigurationName = Release;
		};
		040F4D8D2E5F20C200438E5A /* Build configuration list for PBXNativeTarget "GalleryAppUITests" */ = {
			isa = XCConfigurationList;
			buildConfigurations = (
				040F4D8E2E5F20C200438E5A /* Debug */,
				040F4D8F2E5F20C200438E5A /* Release */,
			);
			defaultConfigurationIsVisible = 0;
			defaultConfigurationName = Release;
		};
/* End XCConfigurationList section */
	};
	rootObject = 040F4D552E5F20BF00438E5A /* Project object */;
}
